
Microsoft Visual Studio Solution File, Format Version 12.00
# Visual Studio Version 17
VisualStudioVersion = 17.0.31903.59
MinimumVisualStudioVersion = 10.0.40219.1
Project("{FAE04EC0-301F-11D3-BF4B-00C04F79EFBC}") = "Cenum", "src\Cenum\Cenum.csproj", "{73B36E2D-03FB-4378-B06F-534D03DFEF64}"
EndProject
Project("{FAE04EC0-301F-11D3-BF4B-00C04F79EFBC}") = "Cenum.Tests", "test\Cenum.Tests\Cenum.Tests.csproj", "{AF83F507-E422-4642-9B57-FD5C446FF407}"
EndProject
Project("{FAE04EC0-301F-11D3-BF4B-00C04F79EFBC}") = "Cenum.Benchmarks", "bm\Cenum.Benchmarks\Cenum.Benchmarks.csproj", "{FDCD3E2A-2E8E-40F4-9AF6-EF7C9981C183}"
EndProject
Global
	GlobalSection(SolutionConfigurationPlatforms) = preSolution
		Debug|Any CPU = Debug|Any CPU
		Release|Any CPU = Release|Any CPU
	EndGlobalSection
	GlobalSection(SolutionProperties) = preSolution
		HideSolutionNode = FALSE
	EndGlobalSection
	GlobalSection(ProjectConfigurationPlatforms) = postSolution
		{73B36E2D-03FB-4378-B06F-534D03DFEF64}.Debug|Any CPU.ActiveCfg = Debug|Any CPU
		{73B36E2D-03FB-4378-B06F-534D03DFEF64}.Debug|Any CPU.Build.0 = Debug|Any CPU
		{73B36E2D-03FB-4378-B06F-534D03DFEF64}.Release|Any CPU.ActiveCfg = Release|Any CPU
		{73B36E2D-03FB-4378-B06F-534D03DFEF64}.Release|Any CPU.Build.0 = Release|Any CPU
		{AF83F507-E422-4642-9B57-FD5C446FF407}.Debug|Any CPU.ActiveCfg = Debug|Any CPU
		{AF83F507-E422-4642-9B57-FD5C446FF407}.Debug|Any CPU.Build.0 = Debug|Any CPU
		{AF83F507-E422-4642-9B57-FD5C446FF407}.Release|Any CPU.ActiveCfg = Release|Any CPU
		{AF83F507-E422-4642-9B57-FD5C446FF407}.Release|Any CPU.Build.0 = Release|Any CPU
		{FDCD3E2A-2E8E-40F4-9AF6-EF7C9981C183}.Debug|Any CPU.ActiveCfg = Debug|Any CPU
		{FDCD3E2A-2E8E-40F4-9AF6-EF7C9981C183}.Debug|Any CPU.Build.0 = Debug|Any CPU
		{FDCD3E2A-2E8E-40F4-9AF6-EF7C9981C183}.Release|Any CPU.ActiveCfg = Release|Any CPU
		{FDCD3E2A-2E8E-40F4-9AF6-EF7C9981C183}.Release|Any CPU.Build.0 = Release|Any CPU
	EndGlobalSection
	GlobalSection(NestedProjects) = preSolution
	EndGlobalSection
EndGlobal
