
Microsoft Visual Studio Solution File, Format Version 12.00
# Visual Studio Version 17
VisualStudioVersion = 17.0.31903.59
MinimumVisualStudioVersion = 10.0.40219.1
Project("{FAE04EC0-301F-11D3-BF4B-00C04F79EFBC}") = "Cenum", "Cenum\Cenum.csproj", "{974F2570-F171-442A-AFDB-A4ADF83C27EA}"
EndProject
Project("{FAE04EC0-301F-11D3-BF4B-00C04F79EFBC}") = "Cenum.Tests", "Cenum.Tests\Cenum.Tests.csproj", "{2B4A11AE-4E29-4BF1-8715-CCD0B234B3FF}"
EndProject
Project("{FAE04EC0-301F-11D3-BF4B-00C04F79EFBC}") = "Cenum.Benchmarks", "Cenum.Benchmarks\Cenum.Benchmarks.csproj", "{36925CFC-E464-4A43-A691-673F2B409049}"
EndProject
Global
	GlobalSection(SolutionConfigurationPlatforms) = preSolution
		Debug|Any CPU = Debug|Any CPU
		Release|Any CPU = Release|Any CPU
	EndGlobalSection
	GlobalSection(SolutionProperties) = preSolution
		HideSolutionNode = FALSE
	EndGlobalSection
	GlobalSection(ProjectConfigurationPlatforms) = postSolution
		{974F2570-F171-442A-AFDB-A4ADF83C27EA}.Debug|Any CPU.ActiveCfg = Debug|Any CPU
		{974F2570-F171-442A-AFDB-A4ADF83C27EA}.Debug|Any CPU.Build.0 = Debug|Any CPU
		{974F2570-F171-442A-AFDB-A4ADF83C27EA}.Release|Any CPU.ActiveCfg = Release|Any CPU
		{974F2570-F171-442A-AFDB-A4ADF83C27EA}.Release|Any CPU.Build.0 = Release|Any CPU
		{2B4A11AE-4E29-4BF1-8715-CCD0B234B3FF}.Debug|Any CPU.ActiveCfg = Debug|Any CPU
		{2B4A11AE-4E29-4BF1-8715-CCD0B234B3FF}.Debug|Any CPU.Build.0 = Debug|Any CPU
		{2B4A11AE-4E29-4BF1-8715-CCD0B234B3FF}.Release|Any CPU.ActiveCfg = Release|Any CPU
		{2B4A11AE-4E29-4BF1-8715-CCD0B234B3FF}.Release|Any CPU.Build.0 = Release|Any CPU
		{36925CFC-E464-4A43-A691-673F2B409049}.Debug|Any CPU.ActiveCfg = Debug|Any CPU
		{36925CFC-E464-4A43-A691-673F2B409049}.Debug|Any CPU.Build.0 = Debug|Any CPU
		{36925CFC-E464-4A43-A691-673F2B409049}.Release|Any CPU.ActiveCfg = Release|Any CPU
		{36925CFC-E464-4A43-A691-673F2B409049}.Release|Any CPU.Build.0 = Release|Any CPU
	EndGlobalSection
EndGlobal
